
Microsoft Visual Studio Solution File, Format Version 12.00
# Visual Studio Version 17
VisualStudioVersion = 17.5.33414.496
MinimumVisualStudioVersion = 10.0.40219.1
Project("{FAE04EC0-301F-11D3-BF4B-00C04F79EFBC}") = "Mensajero", "Mensajero\Mensajero.csproj", "{23EDDEAD-8DCC-4A42-B834-09FCEF1B3A7C}"
EndProject
Project("{FAE04EC0-301F-11D3-BF4B-00C04F79EFBC}") = "MensajeroModel", "MensajeroModel\MensajeroModel.csproj", "{E33FCBB6-CF1E-4CBB-AEDF-DD8F9D51BF17}"
EndProject
Project("{FAE04EC0-301F-11D3-BF4B-00C04F79EFBC}") = "ServidorSocketutil", "ServidorSocketutil\ServidorSocketutil.csproj", "{7A65B412-8543-4500-A834-560C078416B1}"
EndProject
Global
	GlobalSection(SolutionConfigurationPlatforms) = preSolution
		Debug|Any CPU = Debug|Any CPU
		Release|Any CPU = Release|Any CPU
	EndGlobalSection
	GlobalSection(ProjectConfigurationPlatforms) = postSolution
		{23EDDEAD-8DCC-4A42-B834-09FCEF1B3A7C}.Debug|Any CPU.ActiveCfg = Debug|Any CPU
		{23EDDEAD-8DCC-4A42-B834-09FCEF1B3A7C}.Debug|Any CPU.Build.0 = Debug|Any CPU
		{23EDDEAD-8DCC-4A42-B834-09FCEF1B3A7C}.Release|Any CPU.ActiveCfg = Release|Any CPU
		{23EDDEAD-8DCC-4A42-B834-09FCEF1B3A7C}.Release|Any CPU.Build.0 = Release|Any CPU
		{E33FCBB6-CF1E-4CBB-AEDF-DD8F9D51BF17}.Debug|Any CPU.ActiveCfg = Debug|Any CPU
		{E33FCBB6-CF1E-4CBB-AEDF-DD8F9D51BF17}.Debug|Any CPU.Build.0 = Debug|Any CPU
		{E33FCBB6-CF1E-4CBB-AEDF-DD8F9D51BF17}.Release|Any CPU.ActiveCfg = Release|Any CPU
		{E33FCBB6-CF1E-4CBB-AEDF-DD8F9D51BF17}.Release|Any CPU.Build.0 = Release|Any CPU
		{7A65B412-8543-4500-A834-560C078416B1}.Debug|Any CPU.ActiveCfg = Debug|Any CPU
		{7A65B412-8543-4500-A834-560C078416B1}.Debug|Any CPU.Build.0 = Debug|Any CPU
		{7A65B412-8543-4500-A834-560C078416B1}.Release|Any CPU.ActiveCfg = Release|Any CPU
		{7A65B412-8543-4500-A834-560C078416B1}.Release|Any CPU.Build.0 = Release|Any CPU
	EndGlobalSection
	GlobalSection(SolutionProperties) = preSolution
		HideSolutionNode = FALSE
	EndGlobalSection
	GlobalSection(ExtensibilityGlobals) = postSolution
		SolutionGuid = {DB03D399-A10F-47B6-A08F-100F4E0B114B}
	EndGlobalSection
EndGlobal
