
Microsoft Visual Studio Solution File, Format Version 12.00
# Visual Studio Version 17
VisualStudioVersion = 17.5.33414.496
MinimumVisualStudioVersion = 10.0.40219.1
Project("{FAE04EC0-301F-11D3-BF4B-00C04F79EFBC}") = "HolaMundoASP", "HolaMundoASP\HolaMundoASP.csproj", "{3C4509AC-0281-4DB8-89F1-6D8BC496BC8A}"
EndProject
Global
	GlobalSection(SolutionConfigurationPlatforms) = preSolution
		Debug|Any CPU = Debug|Any CPU
		Release|Any CPU = Release|Any CPU
	EndGlobalSection
	GlobalSection(ProjectConfigurationPlatforms) = postSolution
		{3C4509AC-0281-4DB8-89F1-6D8BC496BC8A}.Debug|Any CPU.ActiveCfg = Debug|Any CPU
		{3C4509AC-0281-4DB8-89F1-6D8BC496BC8A}.Debug|Any CPU.Build.0 = Debug|Any CPU
		{3C4509AC-0281-4DB8-89F1-6D8BC496BC8A}.Release|Any CPU.ActiveCfg = Release|Any CPU
		{3C4509AC-0281-4DB8-89F1-6D8BC496BC8A}.Release|Any CPU.Build.0 = Release|Any CPU
	EndGlobalSection
	GlobalSection(SolutionProperties) = preSolution
		HideSolutionNode = FALSE
	EndGlobalSection
	GlobalSection(ExtensibilityGlobals) = postSolution
		SolutionGuid = {AEB8F5C6-CD5E-4D9A-890E-D6636356CAFE}
	EndGlobalSection
EndGlobal
