
Microsoft Visual Studio Solution File, Format Version 12.00
# Visual Studio Version 17
VisualStudioVersion = 17.5.33414.496
MinimumVisualStudioVersion = 10.0.40219.1
Project("{FAE04EC0-301F-11D3-BF4B-00C04F79EFBC}") = "HolaMundoASP1", "HolaMundoASP1\HolaMundoASP1.csproj", "{F22D4048-3BB0-48A5-93FD-2CDFAA314236}"
EndProject
Global
	GlobalSection(SolutionConfigurationPlatforms) = preSolution
		Debug|Any CPU = Debug|Any CPU
		Release|Any CPU = Release|Any CPU
	EndGlobalSection
	GlobalSection(ProjectConfigurationPlatforms) = postSolution
		{F22D4048-3BB0-48A5-93FD-2CDFAA314236}.Debug|Any CPU.ActiveCfg = Debug|Any CPU
		{F22D4048-3BB0-48A5-93FD-2CDFAA314236}.Debug|Any CPU.Build.0 = Debug|Any CPU
		{F22D4048-3BB0-48A5-93FD-2CDFAA314236}.Release|Any CPU.ActiveCfg = Release|Any CPU
		{F22D4048-3BB0-48A5-93FD-2CDFAA314236}.Release|Any CPU.Build.0 = Release|Any CPU
	EndGlobalSection
	GlobalSection(SolutionProperties) = preSolution
		HideSolutionNode = FALSE
	EndGlobalSection
	GlobalSection(ExtensibilityGlobals) = postSolution
		SolutionGuid = {D0E81E62-3046-4FC6-BC84-BC7835334053}
	EndGlobalSection
EndGlobal
