
Microsoft Visual Studio Solution File, Format Version 12.00
# Visual Studio Version 17
VisualStudioVersion = 17.5.33414.496
MinimumVisualStudioVersion = 10.0.40219.1
Project("{FAE04EC0-301F-11D3-BF4B-00C04F79EFBC}") = "HolaMundoHebra", "HolaMundoHebra\HolaMundoHebra.csproj", "{B3E0BCA3-E7F8-47C7-BDA0-B06A52262EDD}"
EndProject
Global
	GlobalSection(SolutionConfigurationPlatforms) = preSolution
		Debug|Any CPU = Debug|Any CPU
		Release|Any CPU = Release|Any CPU
	EndGlobalSection
	GlobalSection(ProjectConfigurationPlatforms) = postSolution
		{B3E0BCA3-E7F8-47C7-BDA0-B06A52262EDD}.Debug|Any CPU.ActiveCfg = Debug|Any CPU
		{B3E0BCA3-E7F8-47C7-BDA0-B06A52262EDD}.Debug|Any CPU.Build.0 = Debug|Any CPU
		{B3E0BCA3-E7F8-47C7-BDA0-B06A52262EDD}.Release|Any CPU.ActiveCfg = Release|Any CPU
		{B3E0BCA3-E7F8-47C7-BDA0-B06A52262EDD}.Release|Any CPU.Build.0 = Release|Any CPU
	EndGlobalSection
	GlobalSection(SolutionProperties) = preSolution
		HideSolutionNode = FALSE
	EndGlobalSection
	GlobalSection(ExtensibilityGlobals) = postSolution
		SolutionGuid = {65CB17F3-B048-4B4A-B04A-5AB9C4338C19}
	EndGlobalSection
EndGlobal
